
Microsoft Visual Studio Solution File, Format Version 12.00
# Visual Studio Version 17
VisualStudioVersion = 17.11.35327.3
MinimumVisualStudioVersion = 10.0.40219.1
Project("{F184B08F-C81C-45F6-A57F-5ABD9991F28F}") = "SMS(Student Management System)", "SMS(Student Management System).vbproj", "{2568AB75-BAA4-42EB-AD77-F897A6B05E52}"
EndProject
Global
	GlobalSection(SolutionConfigurationPlatforms) = preSolution
		Debug|Any CPU = Debug|Any CPU
		Release|Any CPU = Release|Any CPU
	EndGlobalSection
	GlobalSection(ProjectConfigurationPlatforms) = postSolution
		{2568AB75-BAA4-42EB-AD77-F897A6B05E52}.Debug|Any CPU.ActiveCfg = Debug|Any CPU
		{2568AB75-BAA4-42EB-AD77-F897A6B05E52}.Debug|Any CPU.Build.0 = Debug|Any CPU
		{2568AB75-BAA4-42EB-AD77-F897A6B05E52}.Release|Any CPU.ActiveCfg = Release|Any CPU
		{2568AB75-BAA4-42EB-AD77-F897A6B05E52}.Release|Any CPU.Build.0 = Release|Any CPU
	EndGlobalSection
	GlobalSection(SolutionProperties) = preSolution
		HideSolutionNode = FALSE
	EndGlobalSection
	GlobalSection(ExtensibilityGlobals) = postSolution
		SolutionGuid = {333CBD86-6FC8-46BC-AD38-D253E38A8586}
	EndGlobalSection
EndGlobal
